
Microsoft Visual Studio Solution File, Format Version 12.00
# Visual Studio 15
VisualStudioVersion = 15.0.26730.10
MinimumVisualStudioVersion = 10.0.40219.1

Project("{6EC3EE1D-3C4E-46DD-8F32-0CC8E7565705}") = "fabulous_navigation", "fabulous_navigation\fabulous_navigation.fsproj", "{DB2A8178-EA31-4108-A241-5E429309B424}"
EndProject

Project("{F2A71F9B-5D33-465A-A702-920D77279786}") = "fabulous_navigation.Android", "fabulous_navigation.Android\fabulous_navigation.Android.fsproj", "{FA1CFBE4-6E29-4E29-8F9D-84A0170B98DC}"
EndProject


Project("{F2A71F9B-5D33-465A-A702-920D77279786}") = "fabulous_navigation.iOS", "fabulous_navigation.iOS\fabulous_navigation.iOS.fsproj", "{DC99619F-ED45-490C-88C6-894DF42F4F3D}"
EndProject



Project("{FAE04EC0-301F-11D3-BF4B-00C04F79EFBC}") = "fabulous_navigation.UWP", "fabulous_navigation.UWP\fabulous_navigation.UWP.csproj", "{23C5C666-596F-4DE4-8443-A34C271311ED}"
EndProject

Global
	GlobalSection(SolutionConfigurationPlatforms) = preSolution
		Ad-Hoc|Any CPU = Ad-Hoc|Any CPU
		Ad-Hoc|ARM = Ad-Hoc|ARM
		Ad-Hoc|iPhone = Ad-Hoc|iPhone
		Ad-Hoc|iPhoneSimulator = Ad-Hoc|iPhoneSimulator
		Ad-Hoc|x64 = Ad-Hoc|x64
		Ad-Hoc|x86 = Ad-Hoc|x86
		AppStore|Any CPU = AppStore|Any CPU
		AppStore|ARM = AppStore|ARM
		AppStore|iPhone = AppStore|iPhone
		AppStore|iPhoneSimulator = AppStore|iPhoneSimulator
		AppStore|x64 = AppStore|x64
		AppStore|x86 = AppStore|x86
		Debug|Any CPU = Debug|Any CPU
		Debug|ARM = Debug|ARM
		Debug|iPhone = Debug|iPhone
		Debug|iPhoneSimulator = Debug|iPhoneSimulator
		Debug|x64 = Debug|x64
		Debug|x86 = Debug|x86
		Release|Any CPU = Release|Any CPU
		Release|ARM = Release|ARM
		Release|iPhone = Release|iPhone
		Release|iPhoneSimulator = Release|iPhoneSimulator
		Release|x64 = Release|x64
		Release|x86 = Release|x86
	EndGlobalSection
	GlobalSection(ProjectConfigurationPlatforms) = postSolution
		{DB2A8178-EA31-4108-A241-5E429309B424}.Ad-Hoc|Any CPU.ActiveCfg = Debug|Any CPU
		{DB2A8178-EA31-4108-A241-5E429309B424}.Ad-Hoc|Any CPU.Build.0 = Debug|Any CPU
		{DB2A8178-EA31-4108-A241-5E429309B424}.Ad-Hoc|ARM.ActiveCfg = Debug|Any CPU
		{DB2A8178-EA31-4108-A241-5E429309B424}.Ad-Hoc|ARM.Build.0 = Debug|Any CPU
		{DB2A8178-EA31-4108-A241-5E429309B424}.Ad-Hoc|iPhone.ActiveCfg = Debug|Any CPU
		{DB2A8178-EA31-4108-A241-5E429309B424}.Ad-Hoc|iPhone.Build.0 = Debug|Any CPU
		{DB2A8178-EA31-4108-A241-5E429309B424}.Ad-Hoc|iPhoneSimulator.ActiveCfg = Debug|Any CPU
		{DB2A8178-EA31-4108-A241-5E429309B424}.Ad-Hoc|iPhoneSimulator.Build.0 = Debug|Any CPU
		{DB2A8178-EA31-4108-A241-5E429309B424}.Ad-Hoc|x64.ActiveCfg = Debug|Any CPU
		{DB2A8178-EA31-4108-A241-5E429309B424}.Ad-Hoc|x64.Build.0 = Debug|Any CPU
		{DB2A8178-EA31-4108-A241-5E429309B424}.Ad-Hoc|x86.ActiveCfg = Debug|Any CPU
		{DB2A8178-EA31-4108-A241-5E429309B424}.Ad-Hoc|x86.Build.0 = Debug|Any CPU
		{DB2A8178-EA31-4108-A241-5E429309B424}.AppStore|Any CPU.ActiveCfg = Debug|Any CPU
		{DB2A8178-EA31-4108-A241-5E429309B424}.AppStore|Any CPU.Build.0 = Debug|Any CPU
		{DB2A8178-EA31-4108-A241-5E429309B424}.AppStore|ARM.ActiveCfg = Debug|Any CPU
		{DB2A8178-EA31-4108-A241-5E429309B424}.AppStore|ARM.Build.0 = Debug|Any CPU
		{DB2A8178-EA31-4108-A241-5E429309B424}.AppStore|iPhone.ActiveCfg = Debug|Any CPU
		{DB2A8178-EA31-4108-A241-5E429309B424}.AppStore|iPhone.Build.0 = Debug|Any CPU
		{DB2A8178-EA31-4108-A241-5E429309B424}.AppStore|iPhoneSimulator.ActiveCfg = Debug|Any CPU
		{DB2A8178-EA31-4108-A241-5E429309B424}.AppStore|iPhoneSimulator.Build.0 = Debug|Any CPU
		{DB2A8178-EA31-4108-A241-5E429309B424}.AppStore|x64.ActiveCfg = Debug|Any CPU
		{DB2A8178-EA31-4108-A241-5E429309B424}.AppStore|x64.Build.0 = Debug|Any CPU
		{DB2A8178-EA31-4108-A241-5E429309B424}.AppStore|x86.ActiveCfg = Debug|Any CPU
		{DB2A8178-EA31-4108-A241-5E429309B424}.AppStore|x86.Build.0 = Debug|Any CPU
		{DB2A8178-EA31-4108-A241-5E429309B424}.Debug|Any CPU.ActiveCfg = Debug|Any CPU
		{DB2A8178-EA31-4108-A241-5E429309B424}.Debug|Any CPU.Build.0 = Debug|Any CPU
		{DB2A8178-EA31-4108-A241-5E429309B424}.Debug|ARM.ActiveCfg = Debug|Any CPU
		{DB2A8178-EA31-4108-A241-5E429309B424}.Debug|ARM.Build.0 = Debug|Any CPU
		{DB2A8178-EA31-4108-A241-5E429309B424}.Debug|iPhone.ActiveCfg = Debug|Any CPU
		{DB2A8178-EA31-4108-A241-5E429309B424}.Debug|iPhone.Build.0 = Debug|Any CPU
		{DB2A8178-EA31-4108-A241-5E429309B424}.Debug|iPhoneSimulator.ActiveCfg = Debug|Any CPU
		{DB2A8178-EA31-4108-A241-5E429309B424}.Debug|iPhoneSimulator.Build.0 = Debug|Any CPU
		{DB2A8178-EA31-4108-A241-5E429309B424}.Debug|x64.ActiveCfg = Debug|Any CPU
		{DB2A8178-EA31-4108-A241-5E429309B424}.Debug|x64.Build.0 = Debug|Any CPU
		{DB2A8178-EA31-4108-A241-5E429309B424}.Debug|x86.ActiveCfg = Debug|Any CPU
		{DB2A8178-EA31-4108-A241-5E429309B424}.Debug|x86.Build.0 = Debug|Any CPU
		{DB2A8178-EA31-4108-A241-5E429309B424}.Release|Any CPU.ActiveCfg = Release|Any CPU
		{DB2A8178-EA31-4108-A241-5E429309B424}.Release|Any CPU.Build.0 = Release|Any CPU
		{DB2A8178-EA31-4108-A241-5E429309B424}.Release|ARM.ActiveCfg = Release|Any CPU
		{DB2A8178-EA31-4108-A241-5E429309B424}.Release|ARM.Build.0 = Release|Any CPU
		{DB2A8178-EA31-4108-A241-5E429309B424}.Release|iPhone.ActiveCfg = Release|Any CPU
		{DB2A8178-EA31-4108-A241-5E429309B424}.Release|iPhone.Build.0 = Release|Any CPU
		{DB2A8178-EA31-4108-A241-5E429309B424}.Release|iPhoneSimulator.ActiveCfg = Release|Any CPU
		{DB2A8178-EA31-4108-A241-5E429309B424}.Release|iPhoneSimulator.Build.0 = Release|Any CPU
		{DB2A8178-EA31-4108-A241-5E429309B424}.Release|x64.ActiveCfg = Release|Any CPU
		{DB2A8178-EA31-4108-A241-5E429309B424}.Release|x64.Build.0 = Release|Any CPU
		{DB2A8178-EA31-4108-A241-5E429309B424}.Release|x86.ActiveCfg = Release|Any CPU
		{DB2A8178-EA31-4108-A241-5E429309B424}.Release|x86.Build.0 = Release|Any CPU
		{DC99619F-ED45-490C-88C6-894DF42F4F3D}.Ad-Hoc|Any CPU.ActiveCfg = Ad-Hoc|iPhone
		{DC99619F-ED45-490C-88C6-894DF42F4F3D}.Ad-Hoc|ARM.ActiveCfg = Ad-Hoc|iPhone
		{DC99619F-ED45-490C-88C6-894DF42F4F3D}.Ad-Hoc|iPhone.ActiveCfg = Ad-Hoc|iPhone
		{DC99619F-ED45-490C-88C6-894DF42F4F3D}.Ad-Hoc|iPhone.Build.0 = Ad-Hoc|iPhone
		{DC99619F-ED45-490C-88C6-894DF42F4F3D}.Ad-Hoc|iPhoneSimulator.ActiveCfg = Ad-Hoc|iPhoneSimulator
		{DC99619F-ED45-490C-88C6-894DF42F4F3D}.Ad-Hoc|iPhoneSimulator.Build.0 = Ad-Hoc|iPhoneSimulator
		{DC99619F-ED45-490C-88C6-894DF42F4F3D}.Ad-Hoc|x64.ActiveCfg = Ad-Hoc|iPhone
		{DC99619F-ED45-490C-88C6-894DF42F4F3D}.Ad-Hoc|x86.ActiveCfg = Ad-Hoc|iPhone
		{DC99619F-ED45-490C-88C6-894DF42F4F3D}.AppStore|Any CPU.ActiveCfg = AppStore|iPhone
		{DC99619F-ED45-490C-88C6-894DF42F4F3D}.AppStore|ARM.ActiveCfg = AppStore|iPhone
		{DC99619F-ED45-490C-88C6-894DF42F4F3D}.AppStore|iPhone.ActiveCfg = AppStore|iPhone
		{DC99619F-ED45-490C-88C6-894DF42F4F3D}.AppStore|iPhone.Build.0 = AppStore|iPhone
		{DC99619F-ED45-490C-88C6-894DF42F4F3D}.AppStore|iPhoneSimulator.ActiveCfg = AppStore|iPhoneSimulator
		{DC99619F-ED45-490C-88C6-894DF42F4F3D}.AppStore|iPhoneSimulator.Build.0 = AppStore|iPhoneSimulator
		{DC99619F-ED45-490C-88C6-894DF42F4F3D}.AppStore|x64.ActiveCfg = AppStore|iPhone
		{DC99619F-ED45-490C-88C6-894DF42F4F3D}.AppStore|x86.ActiveCfg = AppStore|iPhone
		{DC99619F-ED45-490C-88C6-894DF42F4F3D}.Debug|Any CPU.ActiveCfg = Debug|iPhone
		{DC99619F-ED45-490C-88C6-894DF42F4F3D}.Debug|ARM.ActiveCfg = Debug|iPhone
		{DC99619F-ED45-490C-88C6-894DF42F4F3D}.Debug|iPhone.ActiveCfg = Debug|iPhone
		{DC99619F-ED45-490C-88C6-894DF42F4F3D}.Debug|iPhone.Build.0 = Debug|iPhone
		{DC99619F-ED45-490C-88C6-894DF42F4F3D}.Debug|iPhoneSimulator.ActiveCfg = Debug|iPhoneSimulator
		{DC99619F-ED45-490C-88C6-894DF42F4F3D}.Debug|iPhoneSimulator.Build.0 = Debug|iPhoneSimulator
		{DC99619F-ED45-490C-88C6-894DF42F4F3D}.Debug|x64.ActiveCfg = Debug|iPhone
		{DC99619F-ED45-490C-88C6-894DF42F4F3D}.Debug|x86.ActiveCfg = Debug|iPhone
		{DC99619F-ED45-490C-88C6-894DF42F4F3D}.Release|Any CPU.ActiveCfg = Release|iPhone
		{DC99619F-ED45-490C-88C6-894DF42F4F3D}.Release|ARM.ActiveCfg = Release|iPhone
		{DC99619F-ED45-490C-88C6-894DF42F4F3D}.Release|iPhone.ActiveCfg = Release|iPhone
		{DC99619F-ED45-490C-88C6-894DF42F4F3D}.Release|iPhone.Build.0 = Release|iPhone
		{DC99619F-ED45-490C-88C6-894DF42F4F3D}.Release|iPhoneSimulator.ActiveCfg = Release|iPhoneSimulator
		{DC99619F-ED45-490C-88C6-894DF42F4F3D}.Release|iPhoneSimulator.Build.0 = Release|iPhoneSimulator
		{DC99619F-ED45-490C-88C6-894DF42F4F3D}.Release|x64.ActiveCfg = Release|iPhone
		{DC99619F-ED45-490C-88C6-894DF42F4F3D}.Release|x86.ActiveCfg = Release|iPhone
		{247ADBB2-8F52-4607-83BC-63F3B5180507}.Ad-Hoc|Any CPU.ActiveCfg = Release|x86
		{247ADBB2-8F52-4607-83BC-63F3B5180507}.Ad-Hoc|Any CPU.Build.0 = Release|x86
		{247ADBB2-8F52-4607-83BC-63F3B5180507}.Ad-Hoc|Any CPU.Deploy.0 = Release|x86
		{247ADBB2-8F52-4607-83BC-63F3B5180507}.Ad-Hoc|ARM.ActiveCfg = Release|ARM
		{247ADBB2-8F52-4607-83BC-63F3B5180507}.Ad-Hoc|ARM.Build.0 = Release|ARM
		{247ADBB2-8F52-4607-83BC-63F3B5180507}.Ad-Hoc|ARM.Deploy.0 = Release|ARM
		{247ADBB2-8F52-4607-83BC-63F3B5180507}.Ad-Hoc|iPhone.ActiveCfg = Release|x86
		{247ADBB2-8F52-4607-83BC-63F3B5180507}.Ad-Hoc|iPhone.Build.0 = Release|x86
		{247ADBB2-8F52-4607-83BC-63F3B5180507}.Ad-Hoc|iPhone.Deploy.0 = Release|x86
		{247ADBB2-8F52-4607-83BC-63F3B5180507}.Ad-Hoc|iPhoneSimulator.ActiveCfg = Release|x86
		{247ADBB2-8F52-4607-83BC-63F3B5180507}.Ad-Hoc|iPhoneSimulator.Build.0 = Release|x86
		{247ADBB2-8F52-4607-83BC-63F3B5180507}.Ad-Hoc|iPhoneSimulator.Deploy.0 = Release|x86
		{247ADBB2-8F52-4607-83BC-63F3B5180507}.Ad-Hoc|x64.ActiveCfg = Release|x64
		{247ADBB2-8F52-4607-83BC-63F3B5180507}.Ad-Hoc|x64.Build.0 = Release|x64
		{247ADBB2-8F52-4607-83BC-63F3B5180507}.Ad-Hoc|x64.Deploy.0 = Release|x64
		{247ADBB2-8F52-4607-83BC-63F3B5180507}.Ad-Hoc|x86.ActiveCfg = Release|x86
		{247ADBB2-8F52-4607-83BC-63F3B5180507}.Ad-Hoc|x86.Build.0 = Release|x86
		{247ADBB2-8F52-4607-83BC-63F3B5180507}.Ad-Hoc|x86.Deploy.0 = Release|x86
		{247ADBB2-8F52-4607-83BC-63F3B5180507}.AppStore|Any CPU.ActiveCfg = Release|x86
		{247ADBB2-8F52-4607-83BC-63F3B5180507}.AppStore|Any CPU.Build.0 = Release|x86
		{247ADBB2-8F52-4607-83BC-63F3B5180507}.AppStore|Any CPU.Deploy.0 = Release|x86
		{247ADBB2-8F52-4607-83BC-63F3B5180507}.AppStore|ARM.ActiveCfg = Release|ARM
		{247ADBB2-8F52-4607-83BC-63F3B5180507}.AppStore|ARM.Build.0 = Release|ARM
		{247ADBB2-8F52-4607-83BC-63F3B5180507}.AppStore|ARM.Deploy.0 = Release|ARM
		{247ADBB2-8F52-4607-83BC-63F3B5180507}.AppStore|iPhone.ActiveCfg = Release|x86
		{247ADBB2-8F52-4607-83BC-63F3B5180507}.AppStore|iPhone.Build.0 = Release|x86
		{247ADBB2-8F52-4607-83BC-63F3B5180507}.AppStore|iPhone.Deploy.0 = Release|x86
		{247ADBB2-8F52-4607-83BC-63F3B5180507}.AppStore|iPhoneSimulator.ActiveCfg = Release|x86
		{247ADBB2-8F52-4607-83BC-63F3B5180507}.AppStore|iPhoneSimulator.Build.0 = Release|x86
		{247ADBB2-8F52-4607-83BC-63F3B5180507}.AppStore|iPhoneSimulator.Deploy.0 = Release|x86
		{247ADBB2-8F52-4607-83BC-63F3B5180507}.AppStore|x64.ActiveCfg = Release|x64
		{247ADBB2-8F52-4607-83BC-63F3B5180507}.AppStore|x64.Build.0 = Release|x64
		{247ADBB2-8F52-4607-83BC-63F3B5180507}.AppStore|x64.Deploy.0 = Release|x64
		{247ADBB2-8F52-4607-83BC-63F3B5180507}.AppStore|x86.ActiveCfg = Release|x86
		{247ADBB2-8F52-4607-83BC-63F3B5180507}.AppStore|x86.Build.0 = Release|x86
		{247ADBB2-8F52-4607-83BC-63F3B5180507}.AppStore|x86.Deploy.0 = Release|x86
		{247ADBB2-8F52-4607-83BC-63F3B5180507}.Debug|Any CPU.ActiveCfg = Debug|x86
		{247ADBB2-8F52-4607-83BC-63F3B5180507}.Debug|ARM.ActiveCfg = Debug|ARM
		{247ADBB2-8F52-4607-83BC-63F3B5180507}.Debug|ARM.Build.0 = Debug|ARM
		{247ADBB2-8F52-4607-83BC-63F3B5180507}.Debug|ARM.Deploy.0 = Debug|ARM
		{247ADBB2-8F52-4607-83BC-63F3B5180507}.Debug|iPhone.ActiveCfg = Debug|x86
		{247ADBB2-8F52-4607-83BC-63F3B5180507}.Debug|iPhoneSimulator.ActiveCfg = Debug|x86
		{247ADBB2-8F52-4607-83BC-63F3B5180507}.Debug|x64.ActiveCfg = Debug|x64
		{247ADBB2-8F52-4607-83BC-63F3B5180507}.Debug|x64.Build.0 = Debug|x64
		{247ADBB2-8F52-4607-83BC-63F3B5180507}.Debug|x64.Deploy.0 = Debug|x64
		{247ADBB2-8F52-4607-83BC-63F3B5180507}.Debug|x86.ActiveCfg = Debug|x86
		{247ADBB2-8F52-4607-83BC-63F3B5180507}.Debug|x86.Build.0 = Debug|x86
		{247ADBB2-8F52-4607-83BC-63F3B5180507}.Debug|x86.Deploy.0 = Debug|x86
		{247ADBB2-8F52-4607-83BC-63F3B5180507}.Release|Any CPU.ActiveCfg = Release|x86
		{247ADBB2-8F52-4607-83BC-63F3B5180507}.Release|ARM.ActiveCfg = Release|ARM
		{247ADBB2-8F52-4607-83BC-63F3B5180507}.Release|ARM.Build.0 = Release|ARM
		{247ADBB2-8F52-4607-83BC-63F3B5180507}.Release|ARM.Deploy.0 = Release|ARM
		{247ADBB2-8F52-4607-83BC-63F3B5180507}.Release|iPhone.ActiveCfg = Release|x86
		{247ADBB2-8F52-4607-83BC-63F3B5180507}.Release|iPhoneSimulator.ActiveCfg = Release|x86
		{247ADBB2-8F52-4607-83BC-63F3B5180507}.Release|x64.ActiveCfg = Release|x64
		{247ADBB2-8F52-4607-83BC-63F3B5180507}.Release|x64.Build.0 = Release|x64
		{247ADBB2-8F52-4607-83BC-63F3B5180507}.Release|x64.Deploy.0 = Release|x64
		{247ADBB2-8F52-4607-83BC-63F3B5180507}.Release|x86.ActiveCfg = Release|x86
		{247ADBB2-8F52-4607-83BC-63F3B5180507}.Release|x86.Build.0 = Release|x86
		{247ADBB2-8F52-4607-83BC-63F3B5180507}.Release|x86.Deploy.0 = Release|x86
		{D7535FFE-E804-496F-A94C-BC9035FF64FB}.Ad-Hoc|Any CPU.ActiveCfg = Release|Any CPU
		{D7535FFE-E804-496F-A94C-BC9035FF64FB}.Ad-Hoc|Any CPU.Build.0 = Release|Any CPU
		{D7535FFE-E804-496F-A94C-BC9035FF64FB}.Ad-Hoc|ARM.ActiveCfg = Release|Any CPU
		{D7535FFE-E804-496F-A94C-BC9035FF64FB}.Ad-Hoc|ARM.Build.0 = Release|Any CPU
		{D7535FFE-E804-496F-A94C-BC9035FF64FB}.Ad-Hoc|iPhone.ActiveCfg = Release|Any CPU
		{D7535FFE-E804-496F-A94C-BC9035FF64FB}.Ad-Hoc|iPhone.Build.0 = Release|Any CPU
		{D7535FFE-E804-496F-A94C-BC9035FF64FB}.Ad-Hoc|iPhoneSimulator.ActiveCfg = Release|Any CPU
		{D7535FFE-E804-496F-A94C-BC9035FF64FB}.Ad-Hoc|iPhoneSimulator.Build.0 = Release|Any CPU
		{D7535FFE-E804-496F-A94C-BC9035FF64FB}.Ad-Hoc|x64.ActiveCfg = Release|Any CPU
		{D7535FFE-E804-496F-A94C-BC9035FF64FB}.Ad-Hoc|x64.Build.0 = Release|Any CPU
		{D7535FFE-E804-496F-A94C-BC9035FF64FB}.Ad-Hoc|x86.ActiveCfg = Release|Any CPU
		{D7535FFE-E804-496F-A94C-BC9035FF64FB}.Ad-Hoc|x86.Build.0 = Release|Any CPU
		{D7535FFE-E804-496F-A94C-BC9035FF64FB}.AppStore|Any CPU.ActiveCfg = Release|Any CPU
		{D7535FFE-E804-496F-A94C-BC9035FF64FB}.AppStore|Any CPU.Build.0 = Release|Any CPU
		{D7535FFE-E804-496F-A94C-BC9035FF64FB}.AppStore|ARM.ActiveCfg = Release|Any CPU
		{D7535FFE-E804-496F-A94C-BC9035FF64FB}.AppStore|ARM.Build.0 = Release|Any CPU
		{D7535FFE-E804-496F-A94C-BC9035FF64FB}.AppStore|iPhone.ActiveCfg = Release|Any CPU
		{D7535FFE-E804-496F-A94C-BC9035FF64FB}.AppStore|iPhone.Build.0 = Release|Any CPU
		{D7535FFE-E804-496F-A94C-BC9035FF64FB}.AppStore|iPhoneSimulator.ActiveCfg = Release|Any CPU
		{D7535FFE-E804-496F-A94C-BC9035FF64FB}.AppStore|iPhoneSimulator.Build.0 = Release|Any CPU
		{D7535FFE-E804-496F-A94C-BC9035FF64FB}.AppStore|x64.ActiveCfg = Release|Any CPU
		{D7535FFE-E804-496F-A94C-BC9035FF64FB}.AppStore|x64.Build.0 = Release|Any CPU
		{D7535FFE-E804-496F-A94C-BC9035FF64FB}.AppStore|x86.ActiveCfg = Release|Any CPU
		{D7535FFE-E804-496F-A94C-BC9035FF64FB}.AppStore|x86.Build.0 = Release|Any CPU
		{D7535FFE-E804-496F-A94C-BC9035FF64FB}.Debug|Any CPU.ActiveCfg = Debug|Any CPU
		{D7535FFE-E804-496F-A94C-BC9035FF64FB}.Debug|Any CPU.Build.0 = Debug|Any CPU
		{D7535FFE-E804-496F-A94C-BC9035FF64FB}.Debug|ARM.ActiveCfg = Debug|Any CPU
		{D7535FFE-E804-496F-A94C-BC9035FF64FB}.Debug|ARM.Build.0 = Debug|Any CPU
		{D7535FFE-E804-496F-A94C-BC9035FF64FB}.Debug|iPhone.ActiveCfg = Debug|Any CPU
		{D7535FFE-E804-496F-A94C-BC9035FF64FB}.Debug|iPhone.Build.0 = Debug|Any CPU
		{D7535FFE-E804-496F-A94C-BC9035FF64FB}.Debug|iPhoneSimulator.ActiveCfg = Debug|Any CPU
		{D7535FFE-E804-496F-A94C-BC9035FF64FB}.Debug|iPhoneSimulator.Build.0 = Debug|Any CPU
		{D7535FFE-E804-496F-A94C-BC9035FF64FB}.Debug|x64.ActiveCfg = Debug|Any CPU
		{D7535FFE-E804-496F-A94C-BC9035FF64FB}.Debug|x64.Build.0 = Debug|Any CPU
		{D7535FFE-E804-496F-A94C-BC9035FF64FB}.Debug|x86.ActiveCfg = Debug|Any CPU
		{D7535FFE-E804-496F-A94C-BC9035FF64FB}.Debug|x86.Build.0 = Debug|Any CPU
		{D7535FFE-E804-496F-A94C-BC9035FF64FB}.Release|Any CPU.ActiveCfg = Release|Any CPU
		{D7535FFE-E804-496F-A94C-BC9035FF64FB}.Release|Any CPU.Build.0 = Release|Any CPU
		{D7535FFE-E804-496F-A94C-BC9035FF64FB}.Release|ARM.ActiveCfg = Release|Any CPU
		{D7535FFE-E804-496F-A94C-BC9035FF64FB}.Release|ARM.Build.0 = Release|Any CPU
		{D7535FFE-E804-496F-A94C-BC9035FF64FB}.Release|iPhone.ActiveCfg = Release|Any CPU
		{D7535FFE-E804-496F-A94C-BC9035FF64FB}.Release|iPhone.Build.0 = Release|Any CPU
		{D7535FFE-E804-496F-A94C-BC9035FF64FB}.Release|iPhoneSimulator.ActiveCfg = Release|Any CPU
		{D7535FFE-E804-496F-A94C-BC9035FF64FB}.Release|iPhoneSimulator.Build.0 = Release|Any CPU
		{D7535FFE-E804-496F-A94C-BC9035FF64FB}.Release|x64.ActiveCfg = Release|Any CPU
		{D7535FFE-E804-496F-A94C-BC9035FF64FB}.Release|x64.Build.0 = Release|Any CPU
		{D7535FFE-E804-496F-A94C-BC9035FF64FB}.Release|x86.ActiveCfg = Release|Any CPU
		{D7535FFE-E804-496F-A94C-BC9035FF64FB}.Release|x86.Build.0 = Release|Any CPU
		{D6BFB90B-40DE-44CD-9B33-E990CDA7E94D}.Ad-Hoc|Any CPU.ActiveCfg = Release|Any CPU
		{D6BFB90B-40DE-44CD-9B33-E990CDA7E94D}.Ad-Hoc|Any CPU.Build.0 = Release|Any CPU
		{D6BFB90B-40DE-44CD-9B33-E990CDA7E94D}.Ad-Hoc|ARM.ActiveCfg = Release|Any CPU
		{D6BFB90B-40DE-44CD-9B33-E990CDA7E94D}.Ad-Hoc|ARM.Build.0 = Release|Any CPU
		{D6BFB90B-40DE-44CD-9B33-E990CDA7E94D}.Ad-Hoc|iPhone.ActiveCfg = Release|Any CPU
		{D6BFB90B-40DE-44CD-9B33-E990CDA7E94D}.Ad-Hoc|iPhone.Build.0 = Release|Any CPU
		{D6BFB90B-40DE-44CD-9B33-E990CDA7E94D}.Ad-Hoc|iPhoneSimulator.ActiveCfg = Release|Any CPU
		{D6BFB90B-40DE-44CD-9B33-E990CDA7E94D}.Ad-Hoc|iPhoneSimulator.Build.0 = Release|Any CPU
		{D6BFB90B-40DE-44CD-9B33-E990CDA7E94D}.Ad-Hoc|x64.ActiveCfg = Release|Any CPU
		{D6BFB90B-40DE-44CD-9B33-E990CDA7E94D}.Ad-Hoc|x64.Build.0 = Release|Any CPU
		{D6BFB90B-40DE-44CD-9B33-E990CDA7E94D}.Ad-Hoc|x86.ActiveCfg = Release|Any CPU
		{D6BFB90B-40DE-44CD-9B33-E990CDA7E94D}.Ad-Hoc|x86.Build.0 = Release|Any CPU
		{D6BFB90B-40DE-44CD-9B33-E990CDA7E94D}.AppStore|Any CPU.ActiveCfg = Release|Any CPU
		{D6BFB90B-40DE-44CD-9B33-E990CDA7E94D}.AppStore|Any CPU.Build.0 = Release|Any CPU
		{D6BFB90B-40DE-44CD-9B33-E990CDA7E94D}.AppStore|ARM.ActiveCfg = Release|Any CPU
		{D6BFB90B-40DE-44CD-9B33-E990CDA7E94D}.AppStore|ARM.Build.0 = Release|Any CPU
		{D6BFB90B-40DE-44CD-9B33-E990CDA7E94D}.AppStore|iPhone.ActiveCfg = Release|Any CPU
		{D6BFB90B-40DE-44CD-9B33-E990CDA7E94D}.AppStore|iPhone.Build.0 = Release|Any CPU
		{D6BFB90B-40DE-44CD-9B33-E990CDA7E94D}.AppStore|iPhoneSimulator.ActiveCfg = Release|Any CPU
		{D6BFB90B-40DE-44CD-9B33-E990CDA7E94D}.AppStore|iPhoneSimulator.Build.0 = Release|Any CPU
		{D6BFB90B-40DE-44CD-9B33-E990CDA7E94D}.AppStore|x64.ActiveCfg = Release|Any CPU
		{D6BFB90B-40DE-44CD-9B33-E990CDA7E94D}.AppStore|x64.Build.0 = Release|Any CPU
		{D6BFB90B-40DE-44CD-9B33-E990CDA7E94D}.AppStore|x86.ActiveCfg = Release|Any CPU
		{D6BFB90B-40DE-44CD-9B33-E990CDA7E94D}.AppStore|x86.Build.0 = Release|Any CPU
		{D6BFB90B-40DE-44CD-9B33-E990CDA7E94D}.Debug|Any CPU.ActiveCfg = Debug|Any CPU
		{D6BFB90B-40DE-44CD-9B33-E990CDA7E94D}.Debug|Any CPU.Build.0 = Debug|Any CPU
		{D6BFB90B-40DE-44CD-9B33-E990CDA7E94D}.Debug|ARM.ActiveCfg = Debug|Any CPU
		{D6BFB90B-40DE-44CD-9B33-E990CDA7E94D}.Debug|ARM.Build.0 = Debug|Any CPU
		{D6BFB90B-40DE-44CD-9B33-E990CDA7E94D}.Debug|iPhone.ActiveCfg = Debug|Any CPU
		{D6BFB90B-40DE-44CD-9B33-E990CDA7E94D}.Debug|iPhone.Build.0 = Debug|Any CPU
		{D6BFB90B-40DE-44CD-9B33-E990CDA7E94D}.Debug|iPhoneSimulator.ActiveCfg = Debug|Any CPU
		{D6BFB90B-40DE-44CD-9B33-E990CDA7E94D}.Debug|iPhoneSimulator.Build.0 = Debug|Any CPU
		{D6BFB90B-40DE-44CD-9B33-E990CDA7E94D}.Debug|x64.ActiveCfg = Debug|Any CPU
		{D6BFB90B-40DE-44CD-9B33-E990CDA7E94D}.Debug|x64.Build.0 = Debug|Any CPU
		{D6BFB90B-40DE-44CD-9B33-E990CDA7E94D}.Debug|x86.ActiveCfg = Debug|Any CPU
		{D6BFB90B-40DE-44CD-9B33-E990CDA7E94D}.Debug|x86.Build.0 = Debug|Any CPU
		{D6BFB90B-40DE-44CD-9B33-E990CDA7E94D}.Release|Any CPU.ActiveCfg = Release|Any CPU
		{D6BFB90B-40DE-44CD-9B33-E990CDA7E94D}.Release|Any CPU.Build.0 = Release|Any CPU
		{D6BFB90B-40DE-44CD-9B33-E990CDA7E94D}.Release|ARM.ActiveCfg = Release|Any CPU
		{D6BFB90B-40DE-44CD-9B33-E990CDA7E94D}.Release|ARM.Build.0 = Release|Any CPU
		{D6BFB90B-40DE-44CD-9B33-E990CDA7E94D}.Release|iPhone.ActiveCfg = Release|Any CPU
		{D6BFB90B-40DE-44CD-9B33-E990CDA7E94D}.Release|iPhone.Build.0 = Release|Any CPU
		{D6BFB90B-40DE-44CD-9B33-E990CDA7E94D}.Release|iPhoneSimulator.ActiveCfg = Release|Any CPU
		{D6BFB90B-40DE-44CD-9B33-E990CDA7E94D}.Release|iPhoneSimulator.Build.0 = Release|Any CPU
		{D6BFB90B-40DE-44CD-9B33-E990CDA7E94D}.Release|x64.ActiveCfg = Release|Any CPU
		{D6BFB90B-40DE-44CD-9B33-E990CDA7E94D}.Release|x64.Build.0 = Release|Any CPU
		{D6BFB90B-40DE-44CD-9B33-E990CDA7E94D}.Release|x86.ActiveCfg = Release|Any CPU
		{D6BFB90B-40DE-44CD-9B33-E990CDA7E94D}.Release|x86.Build.0 = Release|Any CPU
		{FA1CFBE4-6E29-4E29-8F9D-84A0170B98DC}.Ad-Hoc|Any CPU.ActiveCfg = Release|Any CPU
		{FA1CFBE4-6E29-4E29-8F9D-84A0170B98DC}.Ad-Hoc|Any CPU.Build.0 = Release|Any CPU
		{FA1CFBE4-6E29-4E29-8F9D-84A0170B98DC}.Ad-Hoc|ARM.ActiveCfg = Release|Any CPU
		{FA1CFBE4-6E29-4E29-8F9D-84A0170B98DC}.Ad-Hoc|ARM.Build.0 = Release|Any CPU
		{FA1CFBE4-6E29-4E29-8F9D-84A0170B98DC}.Ad-Hoc|iPhone.ActiveCfg = Release|Any CPU
		{FA1CFBE4-6E29-4E29-8F9D-84A0170B98DC}.Ad-Hoc|iPhone.Build.0 = Release|Any CPU
		{FA1CFBE4-6E29-4E29-8F9D-84A0170B98DC}.Ad-Hoc|iPhoneSimulator.ActiveCfg = Release|Any CPU
		{FA1CFBE4-6E29-4E29-8F9D-84A0170B98DC}.Ad-Hoc|iPhoneSimulator.Build.0 = Release|Any CPU
		{FA1CFBE4-6E29-4E29-8F9D-84A0170B98DC}.Ad-Hoc|x64.ActiveCfg = Release|Any CPU
		{FA1CFBE4-6E29-4E29-8F9D-84A0170B98DC}.Ad-Hoc|x64.Build.0 = Release|Any CPU
		{FA1CFBE4-6E29-4E29-8F9D-84A0170B98DC}.Ad-Hoc|x86.ActiveCfg = Release|Any CPU
		{FA1CFBE4-6E29-4E29-8F9D-84A0170B98DC}.Ad-Hoc|x86.Build.0 = Release|Any CPU
		{FA1CFBE4-6E29-4E29-8F9D-84A0170B98DC}.AppStore|Any CPU.ActiveCfg = Release|Any CPU
		{FA1CFBE4-6E29-4E29-8F9D-84A0170B98DC}.AppStore|Any CPU.Build.0 = Release|Any CPU
		{FA1CFBE4-6E29-4E29-8F9D-84A0170B98DC}.AppStore|ARM.ActiveCfg = Release|Any CPU
		{FA1CFBE4-6E29-4E29-8F9D-84A0170B98DC}.AppStore|ARM.Build.0 = Release|Any CPU
		{FA1CFBE4-6E29-4E29-8F9D-84A0170B98DC}.AppStore|iPhone.ActiveCfg = Release|Any CPU
		{FA1CFBE4-6E29-4E29-8F9D-84A0170B98DC}.AppStore|iPhone.Build.0 = Release|Any CPU
		{FA1CFBE4-6E29-4E29-8F9D-84A0170B98DC}.AppStore|iPhoneSimulator.ActiveCfg = Release|Any CPU
		{FA1CFBE4-6E29-4E29-8F9D-84A0170B98DC}.AppStore|iPhoneSimulator.Build.0 = Release|Any CPU
		{FA1CFBE4-6E29-4E29-8F9D-84A0170B98DC}.AppStore|x64.ActiveCfg = Release|Any CPU
		{FA1CFBE4-6E29-4E29-8F9D-84A0170B98DC}.AppStore|x64.Build.0 = Release|Any CPU
		{FA1CFBE4-6E29-4E29-8F9D-84A0170B98DC}.AppStore|x86.ActiveCfg = Release|Any CPU
		{FA1CFBE4-6E29-4E29-8F9D-84A0170B98DC}.AppStore|x86.Build.0 = Release|Any CPU
		{FA1CFBE4-6E29-4E29-8F9D-84A0170B98DC}.Debug|Any CPU.ActiveCfg = Debug|Any CPU
		{FA1CFBE4-6E29-4E29-8F9D-84A0170B98DC}.Debug|Any CPU.Build.0 = Debug|Any CPU
		{FA1CFBE4-6E29-4E29-8F9D-84A0170B98DC}.Debug|Any CPU.Deploy.0 = Debug|Any CPU
		{FA1CFBE4-6E29-4E29-8F9D-84A0170B98DC}.Debug|ARM.ActiveCfg = Debug|Any CPU
		{FA1CFBE4-6E29-4E29-8F9D-84A0170B98DC}.Debug|ARM.Build.0 = Debug|Any CPU
		{FA1CFBE4-6E29-4E29-8F9D-84A0170B98DC}.Debug|iPhone.ActiveCfg = Debug|Any CPU
		{FA1CFBE4-6E29-4E29-8F9D-84A0170B98DC}.Debug|iPhone.Build.0 = Debug|Any CPU
		{FA1CFBE4-6E29-4E29-8F9D-84A0170B98DC}.Debug|iPhoneSimulator.ActiveCfg = Debug|Any CPU
		{FA1CFBE4-6E29-4E29-8F9D-84A0170B98DC}.Debug|iPhoneSimulator.Build.0 = Debug|Any CPU
		{FA1CFBE4-6E29-4E29-8F9D-84A0170B98DC}.Debug|x64.ActiveCfg = Debug|Any CPU
		{FA1CFBE4-6E29-4E29-8F9D-84A0170B98DC}.Debug|x64.Build.0 = Debug|Any CPU
		{FA1CFBE4-6E29-4E29-8F9D-84A0170B98DC}.Debug|x86.ActiveCfg = Debug|Any CPU
		{FA1CFBE4-6E29-4E29-8F9D-84A0170B98DC}.Debug|x86.Build.0 = Debug|Any CPU
		{FA1CFBE4-6E29-4E29-8F9D-84A0170B98DC}.Release|Any CPU.ActiveCfg = Release|Any CPU
		{FA1CFBE4-6E29-4E29-8F9D-84A0170B98DC}.Release|Any CPU.Build.0 = Release|Any CPU
		{FA1CFBE4-6E29-4E29-8F9D-84A0170B98DC}.Release|Any CPU.Deploy.0 = Release|Any CPU
		{FA1CFBE4-6E29-4E29-8F9D-84A0170B98DC}.Release|ARM.ActiveCfg = Release|Any CPU
		{FA1CFBE4-6E29-4E29-8F9D-84A0170B98DC}.Release|ARM.Build.0 = Release|Any CPU
		{FA1CFBE4-6E29-4E29-8F9D-84A0170B98DC}.Release|iPhone.ActiveCfg = Release|Any CPU
		{FA1CFBE4-6E29-4E29-8F9D-84A0170B98DC}.Release|iPhone.Build.0 = Release|Any CPU
		{FA1CFBE4-6E29-4E29-8F9D-84A0170B98DC}.Release|iPhoneSimulator.ActiveCfg = Release|Any CPU
		{FA1CFBE4-6E29-4E29-8F9D-84A0170B98DC}.Release|iPhoneSimulator.Build.0 = Release|Any CPU
		{FA1CFBE4-6E29-4E29-8F9D-84A0170B98DC}.Release|x64.ActiveCfg = Release|Any CPU
		{FA1CFBE4-6E29-4E29-8F9D-84A0170B98DC}.Release|x64.Build.0 = Release|Any CPU
		{FA1CFBE4-6E29-4E29-8F9D-84A0170B98DC}.Release|x86.ActiveCfg = Release|Any CPU
		{FA1CFBE4-6E29-4E29-8F9D-84A0170B98DC}.Release|x86.Build.0 = Release|Any CPU
		{66D090A3-3664-433E-8FC4-DF6CE611F333}.Ad-Hoc|Any CPU.ActiveCfg = Release|Any CPU
		{66D090A3-3664-433E-8FC4-DF6CE611F333}.Ad-Hoc|Any CPU.Build.0 = Release|Any CPU
		{66D090A3-3664-433E-8FC4-DF6CE611F333}.Ad-Hoc|ARM.ActiveCfg = Release|Any CPU
		{66D090A3-3664-433E-8FC4-DF6CE611F333}.Ad-Hoc|ARM.Build.0 = Release|Any CPU
		{66D090A3-3664-433E-8FC4-DF6CE611F333}.Ad-Hoc|iPhone.ActiveCfg = Release|Any CPU
		{66D090A3-3664-433E-8FC4-DF6CE611F333}.Ad-Hoc|iPhone.Build.0 = Release|Any CPU
		{66D090A3-3664-433E-8FC4-DF6CE611F333}.Ad-Hoc|iPhoneSimulator.ActiveCfg = Release|Any CPU
		{66D090A3-3664-433E-8FC4-DF6CE611F333}.Ad-Hoc|iPhoneSimulator.Build.0 = Release|Any CPU
		{66D090A3-3664-433E-8FC4-DF6CE611F333}.Ad-Hoc|x64.ActiveCfg = Release|Any CPU
		{66D090A3-3664-433E-8FC4-DF6CE611F333}.Ad-Hoc|x64.Build.0 = Release|Any CPU
		{66D090A3-3664-433E-8FC4-DF6CE611F333}.Ad-Hoc|x86.ActiveCfg = Release|Any CPU
		{66D090A3-3664-433E-8FC4-DF6CE611F333}.Ad-Hoc|x86.Build.0 = Release|Any CPU
		{66D090A3-3664-433E-8FC4-DF6CE611F333}.AppStore|Any CPU.ActiveCfg = Release|Any CPU
		{66D090A3-3664-433E-8FC4-DF6CE611F333}.AppStore|Any CPU.Build.0 = Release|Any CPU
		{66D090A3-3664-433E-8FC4-DF6CE611F333}.AppStore|ARM.ActiveCfg = Release|Any CPU
		{66D090A3-3664-433E-8FC4-DF6CE611F333}.AppStore|ARM.Build.0 = Release|Any CPU
		{66D090A3-3664-433E-8FC4-DF6CE611F333}.AppStore|iPhone.ActiveCfg = Release|Any CPU
		{66D090A3-3664-433E-8FC4-DF6CE611F333}.AppStore|iPhone.Build.0 = Release|Any CPU
		{66D090A3-3664-433E-8FC4-DF6CE611F333}.AppStore|iPhoneSimulator.ActiveCfg = Release|Any CPU
		{66D090A3-3664-433E-8FC4-DF6CE611F333}.AppStore|iPhoneSimulator.Build.0 = Release|Any CPU
		{66D090A3-3664-433E-8FC4-DF6CE611F333}.AppStore|x64.ActiveCfg = Release|Any CPU
		{66D090A3-3664-433E-8FC4-DF6CE611F333}.AppStore|x64.Build.0 = Release|Any CPU
		{66D090A3-3664-433E-8FC4-DF6CE611F333}.AppStore|x86.ActiveCfg = Release|Any CPU
		{66D090A3-3664-433E-8FC4-DF6CE611F333}.AppStore|x86.Build.0 = Release|Any CPU
		{66D090A3-3664-433E-8FC4-DF6CE611F333}.Debug|Any CPU.ActiveCfg = Debug|Any CPU
		{66D090A3-3664-433E-8FC4-DF6CE611F333}.Debug|Any CPU.Build.0 = Debug|Any CPU
		{66D090A3-3664-433E-8FC4-DF6CE611F333}.Debug|ARM.ActiveCfg = Debug|Any CPU
		{66D090A3-3664-433E-8FC4-DF6CE611F333}.Debug|ARM.Build.0 = Debug|Any CPU
		{66D090A3-3664-433E-8FC4-DF6CE611F333}.Debug|iPhone.ActiveCfg = Debug|Any CPU
		{66D090A3-3664-433E-8FC4-DF6CE611F333}.Debug|iPhone.Build.0 = Debug|Any CPU
		{66D090A3-3664-433E-8FC4-DF6CE611F333}.Debug|iPhoneSimulator.ActiveCfg = Debug|Any CPU
		{66D090A3-3664-433E-8FC4-DF6CE611F333}.Debug|iPhoneSimulator.Build.0 = Debug|Any CPU
		{66D090A3-3664-433E-8FC4-DF6CE611F333}.Debug|x64.ActiveCfg = Debug|Any CPU
		{66D090A3-3664-433E-8FC4-DF6CE611F333}.Debug|x64.Build.0 = Debug|Any CPU
		{66D090A3-3664-433E-8FC4-DF6CE611F333}.Debug|x86.ActiveCfg = Debug|Any CPU
		{66D090A3-3664-433E-8FC4-DF6CE611F333}.Debug|x86.Build.0 = Debug|Any CPU
		{66D090A3-3664-433E-8FC4-DF6CE611F333}.Release|Any CPU.ActiveCfg = Release|Any CPU
		{66D090A3-3664-433E-8FC4-DF6CE611F333}.Release|Any CPU.Build.0 = Release|Any CPU
		{66D090A3-3664-433E-8FC4-DF6CE611F333}.Release|ARM.ActiveCfg = Release|Any CPU
		{66D090A3-3664-433E-8FC4-DF6CE611F333}.Release|ARM.Build.0 = Release|Any CPU
		{66D090A3-3664-433E-8FC4-DF6CE611F333}.Release|iPhone.ActiveCfg = Release|Any CPU
		{66D090A3-3664-433E-8FC4-DF6CE611F333}.Release|iPhone.Build.0 = Release|Any CPU
		{66D090A3-3664-433E-8FC4-DF6CE611F333}.Release|iPhoneSimulator.ActiveCfg = Release|Any CPU
		{66D090A3-3664-433E-8FC4-DF6CE611F333}.Release|iPhoneSimulator.Build.0 = Release|Any CPU
		{66D090A3-3664-433E-8FC4-DF6CE611F333}.Release|x64.ActiveCfg = Release|Any CPU
		{66D090A3-3664-433E-8FC4-DF6CE611F333}.Release|x64.Build.0 = Release|Any CPU
		{66D090A3-3664-433E-8FC4-DF6CE611F333}.Release|x86.ActiveCfg = Release|Any CPU
		{66D090A3-3664-433E-8FC4-DF6CE611F333}.Release|x86.Build.0 = Release|Any CPU
		{23C5C666-596F-4DE4-8443-A34C271311ED}.Ad-Hoc|Any CPU.ActiveCfg = Release|x64
		{23C5C666-596F-4DE4-8443-A34C271311ED}.Ad-Hoc|Any CPU.Build.0 = Release|x64
		{23C5C666-596F-4DE4-8443-A34C271311ED}.Ad-Hoc|Any CPU.Deploy.0 = Release|x64
		{23C5C666-596F-4DE4-8443-A34C271311ED}.Ad-Hoc|ARM.ActiveCfg = Release|ARM
		{23C5C666-596F-4DE4-8443-A34C271311ED}.Ad-Hoc|ARM.Build.0 = Release|ARM
		{23C5C666-596F-4DE4-8443-A34C271311ED}.Ad-Hoc|ARM.Deploy.0 = Release|ARM
		{23C5C666-596F-4DE4-8443-A34C271311ED}.Ad-Hoc|ARM64.ActiveCfg = Release|ARM64
		{23C5C666-596F-4DE4-8443-A34C271311ED}.Ad-Hoc|ARM64.Build.0 = Release|ARM64
		{23C5C666-596F-4DE4-8443-A34C271311ED}.Ad-Hoc|ARM64.Deploy.0 = Release|ARM64
		{23C5C666-596F-4DE4-8443-A34C271311ED}.Ad-Hoc|iPhone.ActiveCfg = Release|x64
		{23C5C666-596F-4DE4-8443-A34C271311ED}.Ad-Hoc|iPhone.Build.0 = Release|x64
		{23C5C666-596F-4DE4-8443-A34C271311ED}.Ad-Hoc|iPhone.Deploy.0 = Release|x64
		{23C5C666-596F-4DE4-8443-A34C271311ED}.Ad-Hoc|iPhoneSimulator.ActiveCfg = Release|x64
		{23C5C666-596F-4DE4-8443-A34C271311ED}.Ad-Hoc|iPhoneSimulator.Build.0 = Release|x64
		{23C5C666-596F-4DE4-8443-A34C271311ED}.Ad-Hoc|iPhoneSimulator.Deploy.0 = Release|x64
		{23C5C666-596F-4DE4-8443-A34C271311ED}.Ad-Hoc|x64.ActiveCfg = Release|x64
		{23C5C666-596F-4DE4-8443-A34C271311ED}.Ad-Hoc|x64.Build.0 = Release|x64
		{23C5C666-596F-4DE4-8443-A34C271311ED}.Ad-Hoc|x64.Deploy.0 = Release|x64
		{23C5C666-596F-4DE4-8443-A34C271311ED}.Ad-Hoc|x86.ActiveCfg = Release|x86
		{23C5C666-596F-4DE4-8443-A34C271311ED}.Ad-Hoc|x86.Build.0 = Release|x86
		{23C5C666-596F-4DE4-8443-A34C271311ED}.Ad-Hoc|x86.Deploy.0 = Release|x86
		{23C5C666-596F-4DE4-8443-A34C271311ED}.AppStore|Any CPU.ActiveCfg = Release|x64
		{23C5C666-596F-4DE4-8443-A34C271311ED}.AppStore|Any CPU.Build.0 = Release|x64
		{23C5C666-596F-4DE4-8443-A34C271311ED}.AppStore|Any CPU.Deploy.0 = Release|x64
		{23C5C666-596F-4DE4-8443-A34C271311ED}.AppStore|ARM.ActiveCfg = Release|ARM
		{23C5C666-596F-4DE4-8443-A34C271311ED}.AppStore|ARM.Build.0 = Release|ARM
		{23C5C666-596F-4DE4-8443-A34C271311ED}.AppStore|ARM.Deploy.0 = Release|ARM
		{23C5C666-596F-4DE4-8443-A34C271311ED}.AppStore|ARM64.ActiveCfg = Release|ARM64
		{23C5C666-596F-4DE4-8443-A34C271311ED}.AppStore|ARM64.Build.0 = Release|ARM64
		{23C5C666-596F-4DE4-8443-A34C271311ED}.AppStore|ARM64.Deploy.0 = Release|ARM64
		{23C5C666-596F-4DE4-8443-A34C271311ED}.AppStore|iPhone.ActiveCfg = Release|x64
		{23C5C666-596F-4DE4-8443-A34C271311ED}.AppStore|iPhone.Build.0 = Release|x64
		{23C5C666-596F-4DE4-8443-A34C271311ED}.AppStore|iPhone.Deploy.0 = Release|x64
		{23C5C666-596F-4DE4-8443-A34C271311ED}.AppStore|iPhoneSimulator.ActiveCfg = Release|x64
		{23C5C666-596F-4DE4-8443-A34C271311ED}.AppStore|iPhoneSimulator.Build.0 = Release|x64
		{23C5C666-596F-4DE4-8443-A34C271311ED}.AppStore|iPhoneSimulator.Deploy.0 = Release|x64
		{23C5C666-596F-4DE4-8443-A34C271311ED}.AppStore|x64.ActiveCfg = Release|x64
		{23C5C666-596F-4DE4-8443-A34C271311ED}.AppStore|x64.Build.0 = Release|x64
		{23C5C666-596F-4DE4-8443-A34C271311ED}.AppStore|x64.Deploy.0 = Release|x64
		{23C5C666-596F-4DE4-8443-A34C271311ED}.AppStore|x86.ActiveCfg = Release|x86
		{23C5C666-596F-4DE4-8443-A34C271311ED}.AppStore|x86.Build.0 = Release|x86
		{23C5C666-596F-4DE4-8443-A34C271311ED}.AppStore|x86.Deploy.0 = Release|x86
		{23C5C666-596F-4DE4-8443-A34C271311ED}.Debug|Any CPU.ActiveCfg = Debug|x86
		{23C5C666-596F-4DE4-8443-A34C271311ED}.Debug|ARM.ActiveCfg = Debug|ARM
		{23C5C666-596F-4DE4-8443-A34C271311ED}.Debug|ARM.Build.0 = Debug|ARM
		{23C5C666-596F-4DE4-8443-A34C271311ED}.Debug|ARM.Deploy.0 = Debug|ARM
		{23C5C666-596F-4DE4-8443-A34C271311ED}.Debug|ARM64.ActiveCfg = Debug|ARM64
		{23C5C666-596F-4DE4-8443-A34C271311ED}.Debug|ARM64.Build.0 = Debug|ARM64
		{23C5C666-596F-4DE4-8443-A34C271311ED}.Debug|ARM64.Deploy.0 = Debug|ARM64
		{23C5C666-596F-4DE4-8443-A34C271311ED}.Debug|iPhone.ActiveCfg = Debug|x86
		{23C5C666-596F-4DE4-8443-A34C271311ED}.Debug|iPhoneSimulator.ActiveCfg = Debug|x86
		{23C5C666-596F-4DE4-8443-A34C271311ED}.Debug|x64.ActiveCfg = Debug|x64
		{23C5C666-596F-4DE4-8443-A34C271311ED}.Debug|x64.Build.0 = Debug|x64
		{23C5C666-596F-4DE4-8443-A34C271311ED}.Debug|x64.Deploy.0 = Debug|x64
		{23C5C666-596F-4DE4-8443-A34C271311ED}.Debug|x86.ActiveCfg = Debug|x86
		{23C5C666-596F-4DE4-8443-A34C271311ED}.Debug|x86.Build.0 = Debug|x86
		{23C5C666-596F-4DE4-8443-A34C271311ED}.Debug|x86.Deploy.0 = Debug|x86
		{23C5C666-596F-4DE4-8443-A34C271311ED}.Release|Any CPU.ActiveCfg = Release|x86
		{23C5C666-596F-4DE4-8443-A34C271311ED}.Release|ARM.ActiveCfg = Release|ARM
		{23C5C666-596F-4DE4-8443-A34C271311ED}.Release|ARM.Build.0 = Release|ARM
		{23C5C666-596F-4DE4-8443-A34C271311ED}.Release|ARM.Deploy.0 = Release|ARM
		{23C5C666-596F-4DE4-8443-A34C271311ED}.Release|ARM64.ActiveCfg = Release|ARM64
		{23C5C666-596F-4DE4-8443-A34C271311ED}.Release|ARM64.Build.0 = Release|ARM64
		{23C5C666-596F-4DE4-8443-A34C271311ED}.Release|ARM64.Deploy.0 = Release|ARM64
		{23C5C666-596F-4DE4-8443-A34C271311ED}.Release|iPhone.ActiveCfg = Release|x86
		{23C5C666-596F-4DE4-8443-A34C271311ED}.Release|iPhoneSimulator.ActiveCfg = Release|x86
		{23C5C666-596F-4DE4-8443-A34C271311ED}.Release|x64.ActiveCfg = Release|x64
		{23C5C666-596F-4DE4-8443-A34C271311ED}.Release|x64.Build.0 = Release|x64
		{23C5C666-596F-4DE4-8443-A34C271311ED}.Release|x64.Deploy.0 = Release|x64
		{23C5C666-596F-4DE4-8443-A34C271311ED}.Release|x86.ActiveCfg = Release|x86
		{23C5C666-596F-4DE4-8443-A34C271311ED}.Release|x86.Build.0 = Release|x86
		{23C5C666-596F-4DE4-8443-A34C271311ED}.Release|x86.Deploy.0 = Release|x86
	EndGlobalSection
	GlobalSection(SolutionProperties) = preSolution
		HideSolutionNode = FALSE
	EndGlobalSection
	GlobalSection(ExtensibilityGlobals) = postSolution
		SolutionGuid = {F6D05029-56B8-4E45-AF2D-0E76295DDBA2}
	EndGlobalSection
EndGlobal
